
Microsoft Visual Studio Solution File, Format Version 12.00
# Visual Studio Version 16
VisualStudioVersion = 16.0.31321.278
MinimumVisualStudioVersion = 10.0.40219.1
Project("{FAE04EC0-301F-11D3-BF4B-00C04F79EFBC}") = "HCT_ConsoleApp", "HCT_ConsoleApp\HCT_ConsoleApp.csproj", "{4C69010B-88F5-4EE9-84C7-4DE30F5CACA5}"
EndProject
Project("{FAE04EC0-301F-11D3-BF4B-00C04F79EFBC}") = "Admistration_Console", "Admistration_Console\Admistration_Console.csproj", "{27A06CB5-52DB-41BD-A3C4-8E01801F4E68}"
EndProject
Global
	GlobalSection(SolutionConfigurationPlatforms) = preSolution
		Debug|Any CPU = Debug|Any CPU
		Release|Any CPU = Release|Any CPU
	EndGlobalSection
	GlobalSection(ProjectConfigurationPlatforms) = postSolution
		{4C69010B-88F5-4EE9-84C7-4DE30F5CACA5}.Debug|Any CPU.ActiveCfg = Debug|Any CPU
		{4C69010B-88F5-4EE9-84C7-4DE30F5CACA5}.Debug|Any CPU.Build.0 = Debug|Any CPU
		{4C69010B-88F5-4EE9-84C7-4DE30F5CACA5}.Release|Any CPU.ActiveCfg = Release|Any CPU
		{4C69010B-88F5-4EE9-84C7-4DE30F5CACA5}.Release|Any CPU.Build.0 = Release|Any CPU
		{27A06CB5-52DB-41BD-A3C4-8E01801F4E68}.Debug|Any CPU.ActiveCfg = Debug|Any CPU
		{27A06CB5-52DB-41BD-A3C4-8E01801F4E68}.Debug|Any CPU.Build.0 = Debug|Any CPU
		{27A06CB5-52DB-41BD-A3C4-8E01801F4E68}.Release|Any CPU.ActiveCfg = Release|Any CPU
		{27A06CB5-52DB-41BD-A3C4-8E01801F4E68}.Release|Any CPU.Build.0 = Release|Any CPU
	EndGlobalSection
	GlobalSection(SolutionProperties) = preSolution
		HideSolutionNode = FALSE
	EndGlobalSection
	GlobalSection(ExtensibilityGlobals) = postSolution
		SolutionGuid = {B6120D06-008D-44D1-9877-F23B1857D8E0}
	EndGlobalSection
EndGlobal
